
Microsoft Visual Studio Solution File, Format Version 12.00
# Visual Studio Version 16
VisualStudioVersion = 16.0.31004.235
MinimumVisualStudioVersion = 10.0.40219.1
Project("{C7167F0D-BC9F-4E6E-AFE1-012C56B48DB5}") = "CommandBarFlyoutWinUIPreview4 (Package)", "CommandBarFlyoutWinUIPreview4 (Package)\CommandBarFlyoutWinUIPreview4 (Package).wapproj", "{389A51A0-71C9-4DCB-B685-5D81A978345B}"
EndProject
Project("{FAE04EC0-301F-11D3-BF4B-00C04F79EFBC}") = "CommandBarFlyoutWinUIPreview4", "CommandBarFlyoutWinUIPreview4\CommandBarFlyoutWinUIPreview4.csproj", "{CB8A810C-6E6F-4A2C-8776-3AB3928019E8}"
EndProject
Global
	GlobalSection(SolutionConfigurationPlatforms) = preSolution
		Debug|arm64 = Debug|arm64
		Debug|x64 = Debug|x64
		Debug|x86 = Debug|x86
		Release|arm64 = Release|arm64
		Release|x64 = Release|x64
		Release|x86 = Release|x86
	EndGlobalSection
	GlobalSection(ProjectConfigurationPlatforms) = postSolution
		{389A51A0-71C9-4DCB-B685-5D81A978345B}.Debug|arm64.ActiveCfg = Debug|arm64
		{389A51A0-71C9-4DCB-B685-5D81A978345B}.Debug|arm64.Build.0 = Debug|arm64
		{389A51A0-71C9-4DCB-B685-5D81A978345B}.Debug|arm64.Deploy.0 = Debug|arm64
		{389A51A0-71C9-4DCB-B685-5D81A978345B}.Debug|x64.ActiveCfg = Debug|x64
		{389A51A0-71C9-4DCB-B685-5D81A978345B}.Debug|x64.Build.0 = Debug|x64
		{389A51A0-71C9-4DCB-B685-5D81A978345B}.Debug|x64.Deploy.0 = Debug|x64
		{389A51A0-71C9-4DCB-B685-5D81A978345B}.Debug|x86.ActiveCfg = Debug|x86
		{389A51A0-71C9-4DCB-B685-5D81A978345B}.Debug|x86.Build.0 = Debug|x86
		{389A51A0-71C9-4DCB-B685-5D81A978345B}.Debug|x86.Deploy.0 = Debug|x86
		{389A51A0-71C9-4DCB-B685-5D81A978345B}.Release|arm64.ActiveCfg = Release|arm64
		{389A51A0-71C9-4DCB-B685-5D81A978345B}.Release|arm64.Build.0 = Release|arm64
		{389A51A0-71C9-4DCB-B685-5D81A978345B}.Release|arm64.Deploy.0 = Release|arm64
		{389A51A0-71C9-4DCB-B685-5D81A978345B}.Release|x64.ActiveCfg = Release|x64
		{389A51A0-71C9-4DCB-B685-5D81A978345B}.Release|x64.Build.0 = Release|x64
		{389A51A0-71C9-4DCB-B685-5D81A978345B}.Release|x64.Deploy.0 = Release|x64
		{389A51A0-71C9-4DCB-B685-5D81A978345B}.Release|x86.ActiveCfg = Release|x86
		{389A51A0-71C9-4DCB-B685-5D81A978345B}.Release|x86.Build.0 = Release|x86
		{389A51A0-71C9-4DCB-B685-5D81A978345B}.Release|x86.Deploy.0 = Release|x86
		{CB8A810C-6E6F-4A2C-8776-3AB3928019E8}.Debug|arm64.ActiveCfg = Debug|arm64
		{CB8A810C-6E6F-4A2C-8776-3AB3928019E8}.Debug|arm64.Build.0 = Debug|arm64
		{CB8A810C-6E6F-4A2C-8776-3AB3928019E8}.Debug|x64.ActiveCfg = Debug|x64
		{CB8A810C-6E6F-4A2C-8776-3AB3928019E8}.Debug|x64.Build.0 = Debug|x64
		{CB8A810C-6E6F-4A2C-8776-3AB3928019E8}.Debug|x86.ActiveCfg = Debug|x86
		{CB8A810C-6E6F-4A2C-8776-3AB3928019E8}.Debug|x86.Build.0 = Debug|x86
		{CB8A810C-6E6F-4A2C-8776-3AB3928019E8}.Release|arm64.ActiveCfg = Release|arm64
		{CB8A810C-6E6F-4A2C-8776-3AB3928019E8}.Release|arm64.Build.0 = Release|arm64
		{CB8A810C-6E6F-4A2C-8776-3AB3928019E8}.Release|x64.ActiveCfg = Release|x64
		{CB8A810C-6E6F-4A2C-8776-3AB3928019E8}.Release|x64.Build.0 = Release|x64
		{CB8A810C-6E6F-4A2C-8776-3AB3928019E8}.Release|x86.ActiveCfg = Release|x86
		{CB8A810C-6E6F-4A2C-8776-3AB3928019E8}.Release|x86.Build.0 = Release|x86
	EndGlobalSection
	GlobalSection(SolutionProperties) = preSolution
		HideSolutionNode = FALSE
	EndGlobalSection
	GlobalSection(ExtensibilityGlobals) = postSolution
		SolutionGuid = {24A38B09-2125-4BA7-A041-E9BDDE8ACDFA}
	EndGlobalSection
EndGlobal
